
Microsoft Visual Studio Solution File, Format Version 12.00
# Visual Studio Version 17
VisualStudioVersion = 17.11.35312.102
MinimumVisualStudioVersion = 10.0.40219.1
Project("{2150E333-8FDC-42A3-9474-1A3956D46DE8}") = "Projektmappenelemente", "Projektmappenelemente", "{42778050-A0FF-46F6-BB2D-016CE9F094C4}"
	ProjectSection(SolutionItems) = preProject
		README.md = README.md
	EndProjectSection
EndProject
Project("{2150E333-8FDC-42A3-9474-1A3956D46DE8}") = "01_BankOcr", "01_BankOcr", "{07A29132-1D9B-47AD-AA36-343B1AE13BC0}"
EndProject
Project("{9A19103F-16F7-4668-BE54-9A1E7A4F7556}") = "BankOcr", "01_BankOcr\BankOCR\BankOcr.csproj", "{1AAA6A86-0018-430E-A159-2C2F64ECD854}"
EndProject
Project("{9A19103F-16F7-4668-BE54-9A1E7A4F7556}") = "BankOcrLibrary", "01_BankOcr\BankOCRLibrary\BankOcrLibrary.csproj", "{D763BB68-DB4F-44AA-99FB-03A52B804B62}"
EndProject
Project("{9A19103F-16F7-4668-BE54-9A1E7A4F7556}") = "BankOcrTests", "01_BankOcr\BankOCRTests\BankOcrTests.csproj", "{2EA2DD64-454C-4E3F-8AD5-6D501904C339}"
EndProject
Project("{2150E333-8FDC-42A3-9474-1A3956D46DE8}") = "02_Cal", "02_Cal", "{E96A6668-AEC1-4AB8-8985-65C2D3C4A47D}"
EndProject
Project("{9A19103F-16F7-4668-BE54-9A1E7A4F7556}") = "Cal", "02_Cal\Cal\Cal.csproj", "{54C6C0D8-E47A-4860-AF44-2FE38BC24AB4}"
EndProject
Project("{9A19103F-16F7-4668-BE54-9A1E7A4F7556}") = "CalLibrary", "02_Cal\CalLibrary\CalLibrary.csproj", "{4098CA50-A095-4070-A20E-65D74814259E}"
EndProject
Project("{9A19103F-16F7-4668-BE54-9A1E7A4F7556}") = "CalTests", "02_Cal\CalTests\CalTests.csproj", "{64CFD455-5656-4DE0-B529-55181689A535}"
EndProject
Project("{2150E333-8FDC-42A3-9474-1A3956D46DE8}") = "03_ComparativeEstimation", "03_ComparativeEstimation", "{4B57155E-8D86-480D-8EC0-B4EA8ECDDA20}"
EndProject
Project("{FAE04EC0-301F-11D3-BF4B-00C04F79EFBC}") = "ComparativeEstimation", "03_ComparativeEstimation\ComparativeEstimation\ComparativeEstimation.csproj", "{797337C1-A045-4B0E-BD7F-9AB248CEDFB4}"
EndProject
Project("{FAE04EC0-301F-11D3-BF4B-00C04F79EFBC}") = "ComparativeEstimationLibrary", "03_ComparativeEstimation\ComparativeEstimationLibrary\ComparativeEstimationLibrary.csproj", "{F75498D3-95F6-4AC9-A55F-1AE0E7929946}"
EndProject
Project("{FAE04EC0-301F-11D3-BF4B-00C04F79EFBC}") = "ComparativeEstimationTests", "03_ComparativeEstimation\ComparativeEstimationTests\ComparativeEstimationTests.csproj", "{391E29FC-DBFF-46F2-84ED-6A67B9D0203F}"
EndProject
Global
	GlobalSection(SolutionConfigurationPlatforms) = preSolution
		Debug|Any CPU = Debug|Any CPU
		Release|Any CPU = Release|Any CPU
	EndGlobalSection
	GlobalSection(ProjectConfigurationPlatforms) = postSolution
		{1AAA6A86-0018-430E-A159-2C2F64ECD854}.Debug|Any CPU.ActiveCfg = Debug|Any CPU
		{1AAA6A86-0018-430E-A159-2C2F64ECD854}.Debug|Any CPU.Build.0 = Debug|Any CPU
		{1AAA6A86-0018-430E-A159-2C2F64ECD854}.Release|Any CPU.ActiveCfg = Release|Any CPU
		{1AAA6A86-0018-430E-A159-2C2F64ECD854}.Release|Any CPU.Build.0 = Release|Any CPU
		{D763BB68-DB4F-44AA-99FB-03A52B804B62}.Debug|Any CPU.ActiveCfg = Debug|Any CPU
		{D763BB68-DB4F-44AA-99FB-03A52B804B62}.Debug|Any CPU.Build.0 = Debug|Any CPU
		{D763BB68-DB4F-44AA-99FB-03A52B804B62}.Release|Any CPU.ActiveCfg = Release|Any CPU
		{D763BB68-DB4F-44AA-99FB-03A52B804B62}.Release|Any CPU.Build.0 = Release|Any CPU
		{2EA2DD64-454C-4E3F-8AD5-6D501904C339}.Debug|Any CPU.ActiveCfg = Debug|Any CPU
		{2EA2DD64-454C-4E3F-8AD5-6D501904C339}.Debug|Any CPU.Build.0 = Debug|Any CPU
		{2EA2DD64-454C-4E3F-8AD5-6D501904C339}.Release|Any CPU.ActiveCfg = Release|Any CPU
		{2EA2DD64-454C-4E3F-8AD5-6D501904C339}.Release|Any CPU.Build.0 = Release|Any CPU
		{54C6C0D8-E47A-4860-AF44-2FE38BC24AB4}.Debug|Any CPU.ActiveCfg = Debug|Any CPU
		{54C6C0D8-E47A-4860-AF44-2FE38BC24AB4}.Debug|Any CPU.Build.0 = Debug|Any CPU
		{54C6C0D8-E47A-4860-AF44-2FE38BC24AB4}.Release|Any CPU.ActiveCfg = Release|Any CPU
		{54C6C0D8-E47A-4860-AF44-2FE38BC24AB4}.Release|Any CPU.Build.0 = Release|Any CPU
		{4098CA50-A095-4070-A20E-65D74814259E}.Debug|Any CPU.ActiveCfg = Debug|Any CPU
		{4098CA50-A095-4070-A20E-65D74814259E}.Debug|Any CPU.Build.0 = Debug|Any CPU
		{4098CA50-A095-4070-A20E-65D74814259E}.Release|Any CPU.ActiveCfg = Release|Any CPU
		{4098CA50-A095-4070-A20E-65D74814259E}.Release|Any CPU.Build.0 = Release|Any CPU
		{64CFD455-5656-4DE0-B529-55181689A535}.Debug|Any CPU.ActiveCfg = Debug|Any CPU
		{64CFD455-5656-4DE0-B529-55181689A535}.Debug|Any CPU.Build.0 = Debug|Any CPU
		{64CFD455-5656-4DE0-B529-55181689A535}.Release|Any CPU.ActiveCfg = Release|Any CPU
		{64CFD455-5656-4DE0-B529-55181689A535}.Release|Any CPU.Build.0 = Release|Any CPU
		{797337C1-A045-4B0E-BD7F-9AB248CEDFB4}.Debug|Any CPU.ActiveCfg = Debug|Any CPU
		{797337C1-A045-4B0E-BD7F-9AB248CEDFB4}.Debug|Any CPU.Build.0 = Debug|Any CPU
		{797337C1-A045-4B0E-BD7F-9AB248CEDFB4}.Release|Any CPU.ActiveCfg = Release|Any CPU
		{797337C1-A045-4B0E-BD7F-9AB248CEDFB4}.Release|Any CPU.Build.0 = Release|Any CPU
		{F75498D3-95F6-4AC9-A55F-1AE0E7929946}.Debug|Any CPU.ActiveCfg = Debug|Any CPU
		{F75498D3-95F6-4AC9-A55F-1AE0E7929946}.Debug|Any CPU.Build.0 = Debug|Any CPU
		{F75498D3-95F6-4AC9-A55F-1AE0E7929946}.Release|Any CPU.ActiveCfg = Release|Any CPU
		{F75498D3-95F6-4AC9-A55F-1AE0E7929946}.Release|Any CPU.Build.0 = Release|Any CPU
		{391E29FC-DBFF-46F2-84ED-6A67B9D0203F}.Debug|Any CPU.ActiveCfg = Debug|Any CPU
		{391E29FC-DBFF-46F2-84ED-6A67B9D0203F}.Debug|Any CPU.Build.0 = Debug|Any CPU
		{391E29FC-DBFF-46F2-84ED-6A67B9D0203F}.Release|Any CPU.ActiveCfg = Release|Any CPU
		{391E29FC-DBFF-46F2-84ED-6A67B9D0203F}.Release|Any CPU.Build.0 = Release|Any CPU
	EndGlobalSection
	GlobalSection(SolutionProperties) = preSolution
		HideSolutionNode = FALSE
	EndGlobalSection
	GlobalSection(NestedProjects) = preSolution
		{1AAA6A86-0018-430E-A159-2C2F64ECD854} = {07A29132-1D9B-47AD-AA36-343B1AE13BC0}
		{D763BB68-DB4F-44AA-99FB-03A52B804B62} = {07A29132-1D9B-47AD-AA36-343B1AE13BC0}
		{2EA2DD64-454C-4E3F-8AD5-6D501904C339} = {07A29132-1D9B-47AD-AA36-343B1AE13BC0}
		{54C6C0D8-E47A-4860-AF44-2FE38BC24AB4} = {E96A6668-AEC1-4AB8-8985-65C2D3C4A47D}
		{4098CA50-A095-4070-A20E-65D74814259E} = {E96A6668-AEC1-4AB8-8985-65C2D3C4A47D}
		{64CFD455-5656-4DE0-B529-55181689A535} = {E96A6668-AEC1-4AB8-8985-65C2D3C4A47D}
		{797337C1-A045-4B0E-BD7F-9AB248CEDFB4} = {4B57155E-8D86-480D-8EC0-B4EA8ECDDA20}
		{F75498D3-95F6-4AC9-A55F-1AE0E7929946} = {4B57155E-8D86-480D-8EC0-B4EA8ECDDA20}
		{391E29FC-DBFF-46F2-84ED-6A67B9D0203F} = {4B57155E-8D86-480D-8EC0-B4EA8ECDDA20}
	EndGlobalSection
	GlobalSection(ExtensibilityGlobals) = postSolution
		SolutionGuid = {7DE62E50-FC5D-4074-9D04-1C787BD8A828}
	EndGlobalSection
EndGlobal
